dependencies:
- name: common
  repository: oci://gitregistry.knut.univention.de/univention/customers/dataport/upx/common-helm/helm
  version: 0.6.0
- name: postgresql
  repository: https://charts.bitnami.com/bitnami
  version: 12.7.3
digest: sha256:2fba066200bc38aa164501083728988a2a85a0d80d809358a9be6af4063fab09
generated: "2024-01-23T18:12:48.967224+01:00"
