dependencies:
- name: common
  repository: https://charts.bitnami.com/bitnami
  version: 2.20.3
- name: postgresql
  repository: https://charts.bitnami.com/bitnami
  version: 12.7.3
digest: sha256:951b11d436530ba6f78e06815a353b8294c1c460f4781ea8a4df767de08cb42c
generated: "2024-07-04T11:57:01.159819+02:00"
